
Microsoft Visual Studio Solution File, Format Version 12.00
# Visual Studio Version 16
VisualStudioVersion = 16.0.32929.386
MinimumVisualStudioVersion = 10.0.40219.1
Project("{FAE04EC0-301F-11D3-BF4B-00C04F79EFBC}") = "API_9534", "API_9534\API_9534.csproj", "{62354FEE-DACF-4E91-8A65-4241BE51A8E4}"
EndProject
Global
	GlobalSection(SolutionConfigurationPlatforms) = preSolution
		Debug|Any CPU = Debug|Any CPU
		Release|Any CPU = Release|Any CPU
	EndGlobalSection
	GlobalSection(ProjectConfigurationPlatforms) = postSolution
		{62354FEE-DACF-4E91-8A65-4241BE51A8E4}.Debug|Any CPU.ActiveCfg = Debug|Any CPU
		{62354FEE-DACF-4E91-8A65-4241BE51A8E4}.Debug|Any CPU.Build.0 = Debug|Any CPU
		{62354FEE-DACF-4E91-8A65-4241BE51A8E4}.Release|Any CPU.ActiveCfg = Release|Any CPU
		{62354FEE-DACF-4E91-8A65-4241BE51A8E4}.Release|Any CPU.Build.0 = Release|Any CPU
	EndGlobalSection
	GlobalSection(SolutionProperties) = preSolution
		HideSolutionNode = FALSE
	EndGlobalSection
	GlobalSection(ExtensibilityGlobals) = postSolution
		SolutionGuid = {C8CEEE5F-FF2D-4D28-A575-1BA7AA900068}
	EndGlobalSection
EndGlobal
